
Microsoft Visual Studio Solution File, Format Version 12.00
# Visual Studio 14
VisualStudioVersion = 14.0.24720.0
MinimumVisualStudioVersion = 10.0.40219.1
Project("{FAE04EC0-301F-11D3-BF4B-00C04F79EFBC}") = "AsyncStateMachine", "AsyncStateMachine\AsyncStateMachine.csproj", "{471FCAAC-5C38-4FA9-8841-24F88C30B9BA}"
EndProject
Project("{FAE04EC0-301F-11D3-BF4B-00C04F79EFBC}") = "AsyncStateMachineTests", "AsyncStateMachineTests\AsyncStateMachineTests.csproj", "{8D3B0354-11B0-45A8-A5CC-B477A25889A2}"
EndProject
Global
	GlobalSection(SolutionConfigurationPlatforms) = preSolution
		Debug|Any CPU = Debug|Any CPU
		Release|Any CPU = Release|Any CPU
	EndGlobalSection
	GlobalSection(ProjectConfigurationPlatforms) = postSolution
		{471FCAAC-5C38-4FA9-8841-24F88C30B9BA}.Debug|Any CPU.ActiveCfg = Debug|Any CPU
		{471FCAAC-5C38-4FA9-8841-24F88C30B9BA}.Debug|Any CPU.Build.0 = Debug|Any CPU
		{471FCAAC-5C38-4FA9-8841-24F88C30B9BA}.Release|Any CPU.ActiveCfg = Release|Any CPU
		{471FCAAC-5C38-4FA9-8841-24F88C30B9BA}.Release|Any CPU.Build.0 = Release|Any CPU
		{8D3B0354-11B0-45A8-A5CC-B477A25889A2}.Debug|Any CPU.ActiveCfg = Debug|Any CPU
		{8D3B0354-11B0-45A8-A5CC-B477A25889A2}.Debug|Any CPU.Build.0 = Debug|Any CPU
		{8D3B0354-11B0-45A8-A5CC-B477A25889A2}.Release|Any CPU.ActiveCfg = Release|Any CPU
		{8D3B0354-11B0-45A8-A5CC-B477A25889A2}.Release|Any CPU.Build.0 = Release|Any CPU
	EndGlobalSection
	GlobalSection(SolutionProperties) = preSolution
		HideSolutionNode = FALSE
	EndGlobalSection
EndGlobal
